
Microsoft Visual Studio Solution File, Format Version 12.00
# Visual Studio 14
VisualStudioVersion = 14.0.22609.0
MinimumVisualStudioVersion = 10.0.40219.1
Project("{FAE04EC0-301F-11D3-BF4B-00C04F79EFBC}") = "Receiver", "Receiver\Receiver.csproj", "{4D837A26-AF25-42BB-805B-D5D03E9C9322}"
EndProject
Project("{FAE04EC0-301F-11D3-BF4B-00C04F79EFBC}") = "Sender", "Sender\Sender.csproj", "{792DAE00-7868-4646-8AB1-F729D055DE89}"
EndProject
Global
	GlobalSection(SolutionConfigurationPlatforms) = preSolution
		Debug|Any CPU = Debug|Any CPU
		Release|Any CPU = Release|Any CPU
	EndGlobalSection
	GlobalSection(ProjectConfigurationPlatforms) = postSolution
		{4D837A26-AF25-42BB-805B-D5D03E9C9322}.Debug|Any CPU.ActiveCfg = Debug|Any CPU
		{4D837A26-AF25-42BB-805B-D5D03E9C9322}.Debug|Any CPU.Build.0 = Debug|Any CPU
		{4D837A26-AF25-42BB-805B-D5D03E9C9322}.Release|Any CPU.ActiveCfg = Release|Any CPU
		{4D837A26-AF25-42BB-805B-D5D03E9C9322}.Release|Any CPU.Build.0 = Release|Any CPU
		{792DAE00-7868-4646-8AB1-F729D055DE89}.Debug|Any CPU.ActiveCfg = Debug|Any CPU
		{792DAE00-7868-4646-8AB1-F729D055DE89}.Debug|Any CPU.Build.0 = Debug|Any CPU
		{792DAE00-7868-4646-8AB1-F729D055DE89}.Release|Any CPU.ActiveCfg = Release|Any CPU
		{792DAE00-7868-4646-8AB1-F729D055DE89}.Release|Any CPU.Build.0 = Release|Any CPU
	EndGlobalSection
	GlobalSection(SolutionProperties) = preSolution
		HideSolutionNode = FALSE
	EndGlobalSection
EndGlobal
